
Microsoft Visual Studio Solution File, Format Version 12.00
# Visual Studio Version 17
VisualStudioVersion = 17.12.35527.113 d17.12
MinimumVisualStudioVersion = 10.0.40219.1
Project("{FAE04EC0-301F-11D3-BF4B-00C04F79EFBC}") = "ReverseWordsInAString", "ReverseWordsInAString\ReverseWordsInAString.csproj", "{53FB290B-1683-4E73-8111-E8194F5459D0}"
EndProject
Project("{2150E333-8FDC-42A3-9474-1A3956D46DE8}") = "Array_String", "Array_String", "{EED6DD43-D2F3-4B6F-8543-5FBBEA57B4BD}"
EndProject
Project("{FAE04EC0-301F-11D3-BF4B-00C04F79EFBC}") = "ProductOfArrayExceptSelf", "ProductOfArrayExceptSelf\ProductOfArrayExceptSelf.csproj", "{A4AF034C-CD95-4F4F-973B-D995EA418AE3}"
EndProject
Global
	GlobalSection(SolutionConfigurationPlatforms) = preSolution
		Debug|Any CPU = Debug|Any CPU
		Release|Any CPU = Release|Any CPU
	EndGlobalSection
	GlobalSection(ProjectConfigurationPlatforms) = postSolution
		{53FB290B-1683-4E73-8111-E8194F5459D0}.Debug|Any CPU.ActiveCfg = Debug|Any CPU
		{53FB290B-1683-4E73-8111-E8194F5459D0}.Debug|Any CPU.Build.0 = Debug|Any CPU
		{53FB290B-1683-4E73-8111-E8194F5459D0}.Release|Any CPU.ActiveCfg = Release|Any CPU
		{53FB290B-1683-4E73-8111-E8194F5459D0}.Release|Any CPU.Build.0 = Release|Any CPU
		{A4AF034C-CD95-4F4F-973B-D995EA418AE3}.Debug|Any CPU.ActiveCfg = Debug|Any CPU
		{A4AF034C-CD95-4F4F-973B-D995EA418AE3}.Debug|Any CPU.Build.0 = Debug|Any CPU
		{A4AF034C-CD95-4F4F-973B-D995EA418AE3}.Release|Any CPU.ActiveCfg = Release|Any CPU
		{A4AF034C-CD95-4F4F-973B-D995EA418AE3}.Release|Any CPU.Build.0 = Release|Any CPU
	EndGlobalSection
	GlobalSection(SolutionProperties) = preSolution
		HideSolutionNode = FALSE
	EndGlobalSection
	GlobalSection(NestedProjects) = preSolution
		{53FB290B-1683-4E73-8111-E8194F5459D0} = {EED6DD43-D2F3-4B6F-8543-5FBBEA57B4BD}
		{A4AF034C-CD95-4F4F-973B-D995EA418AE3} = {EED6DD43-D2F3-4B6F-8543-5FBBEA57B4BD}
	EndGlobalSection
EndGlobal
