
Microsoft Visual Studio Solution File, Format Version 12.00
# Visual Studio Version 17
VisualStudioVersion = 17.12.35527.113
MinimumVisualStudioVersion = 10.0.40219.1
Project("{FAE04EC0-301F-11D3-BF4B-00C04F79EFBC}") = "ReverseWordsInAString", "ReverseWordsInAString\ReverseWordsInAString.csproj", "{53FB290B-1683-4E73-8111-E8194F5459D0}"
EndProject
Project("{2150E333-8FDC-42A3-9474-1A3956D46DE8}") = "Array_String", "Array_String", "{EED6DD43-D2F3-4B6F-8543-5FBBEA57B4BD}"
EndProject
Project("{FAE04EC0-301F-11D3-BF4B-00C04F79EFBC}") = "ProductOfArrayExceptSelf", "ProductOfArrayExceptSelf\ProductOfArrayExceptSelf.csproj", "{A4AF034C-CD95-4F4F-973B-D995EA418AE3}"
EndProject
Project("{FAE04EC0-301F-11D3-BF4B-00C04F79EFBC}") = "IncreasingTripletSubsequence", "IncreasingTripletSubsequence\IncreasingTripletSubsequence.csproj", "{0F39C280-AFA1-498F-816C-F0A4805517B9}"
EndProject
Project("{FAE04EC0-301F-11D3-BF4B-00C04F79EFBC}") = "StringCompression", "StringCompression\StringCompression.csproj", "{8D4FC428-E9E4-4A65-A9FE-68F93CCA2207}"
EndProject
Project("{2150E333-8FDC-42A3-9474-1A3956D46DE8}") = "TwoPointers", "TwoPointers", "{78F5903A-1DE4-433A-BB06-891C18492C46}"
EndProject
Project("{FAE04EC0-301F-11D3-BF4B-00C04F79EFBC}") = "ContainerWithMostWater", "ContainerWithMostWater\ContainerWithMostWater.csproj", "{D61E1433-BB4B-4475-A2DA-CC3AC689556D}"
EndProject
Project("{FAE04EC0-301F-11D3-BF4B-00C04F79EFBC}") = "MaxNumberOfK-SumPairs", "MaxNumberOfK-SumPairs\MaxNumberOfK-SumPairs.csproj", "{B2E0DE13-7AAA-4BFE-A57A-804E1D4F27EB}"
EndProject
Project("{2150E333-8FDC-42A3-9474-1A3956D46DE8}") = "SlidingWindow", "SlidingWindow", "{C2B108FF-C063-4A2F-8F38-038203EBFF0D}"
EndProject
Project("{FAE04EC0-301F-11D3-BF4B-00C04F79EFBC}") = "MaximumNumberOfVowelsInASubstringOfGivenLength", "MaximumNumberOfVowelsInASubstringOfGivenLength\MaximumNumberOfVowelsInASubstringOfGivenLength.csproj", "{C5E6F3F1-8AC0-4EA6-937F-DFF1FC5954FD}"
EndProject
Global
	GlobalSection(SolutionConfigurationPlatforms) = preSolution
		Debug|Any CPU = Debug|Any CPU
		Release|Any CPU = Release|Any CPU
	EndGlobalSection
	GlobalSection(ProjectConfigurationPlatforms) = postSolution
		{53FB290B-1683-4E73-8111-E8194F5459D0}.Debug|Any CPU.ActiveCfg = Debug|Any CPU
		{53FB290B-1683-4E73-8111-E8194F5459D0}.Debug|Any CPU.Build.0 = Debug|Any CPU
		{53FB290B-1683-4E73-8111-E8194F5459D0}.Release|Any CPU.ActiveCfg = Release|Any CPU
		{53FB290B-1683-4E73-8111-E8194F5459D0}.Release|Any CPU.Build.0 = Release|Any CPU
		{A4AF034C-CD95-4F4F-973B-D995EA418AE3}.Debug|Any CPU.ActiveCfg = Debug|Any CPU
		{A4AF034C-CD95-4F4F-973B-D995EA418AE3}.Debug|Any CPU.Build.0 = Debug|Any CPU
		{A4AF034C-CD95-4F4F-973B-D995EA418AE3}.Release|Any CPU.ActiveCfg = Release|Any CPU
		{A4AF034C-CD95-4F4F-973B-D995EA418AE3}.Release|Any CPU.Build.0 = Release|Any CPU
		{0F39C280-AFA1-498F-816C-F0A4805517B9}.Debug|Any CPU.ActiveCfg = Debug|Any CPU
		{0F39C280-AFA1-498F-816C-F0A4805517B9}.Debug|Any CPU.Build.0 = Debug|Any CPU
		{0F39C280-AFA1-498F-816C-F0A4805517B9}.Release|Any CPU.ActiveCfg = Release|Any CPU
		{0F39C280-AFA1-498F-816C-F0A4805517B9}.Release|Any CPU.Build.0 = Release|Any CPU
		{8D4FC428-E9E4-4A65-A9FE-68F93CCA2207}.Debug|Any CPU.ActiveCfg = Debug|Any CPU
		{8D4FC428-E9E4-4A65-A9FE-68F93CCA2207}.Debug|Any CPU.Build.0 = Debug|Any CPU
		{8D4FC428-E9E4-4A65-A9FE-68F93CCA2207}.Release|Any CPU.ActiveCfg = Release|Any CPU
		{8D4FC428-E9E4-4A65-A9FE-68F93CCA2207}.Release|Any CPU.Build.0 = Release|Any CPU
		{D61E1433-BB4B-4475-A2DA-CC3AC689556D}.Debug|Any CPU.ActiveCfg = Debug|Any CPU
		{D61E1433-BB4B-4475-A2DA-CC3AC689556D}.Debug|Any CPU.Build.0 = Debug|Any CPU
		{D61E1433-BB4B-4475-A2DA-CC3AC689556D}.Release|Any CPU.ActiveCfg = Release|Any CPU
		{D61E1433-BB4B-4475-A2DA-CC3AC689556D}.Release|Any CPU.Build.0 = Release|Any CPU
		{B2E0DE13-7AAA-4BFE-A57A-804E1D4F27EB}.Debug|Any CPU.ActiveCfg = Debug|Any CPU
		{B2E0DE13-7AAA-4BFE-A57A-804E1D4F27EB}.Debug|Any CPU.Build.0 = Debug|Any CPU
		{B2E0DE13-7AAA-4BFE-A57A-804E1D4F27EB}.Release|Any CPU.ActiveCfg = Release|Any CPU
		{B2E0DE13-7AAA-4BFE-A57A-804E1D4F27EB}.Release|Any CPU.Build.0 = Release|Any CPU
		{C5E6F3F1-8AC0-4EA6-937F-DFF1FC5954FD}.Debug|Any CPU.ActiveCfg = Debug|Any CPU
		{C5E6F3F1-8AC0-4EA6-937F-DFF1FC5954FD}.Debug|Any CPU.Build.0 = Debug|Any CPU
		{C5E6F3F1-8AC0-4EA6-937F-DFF1FC5954FD}.Release|Any CPU.ActiveCfg = Release|Any CPU
		{C5E6F3F1-8AC0-4EA6-937F-DFF1FC5954FD}.Release|Any CPU.Build.0 = Release|Any CPU
	EndGlobalSection
	GlobalSection(SolutionProperties) = preSolution
		HideSolutionNode = FALSE
	EndGlobalSection
	GlobalSection(NestedProjects) = preSolution
		{53FB290B-1683-4E73-8111-E8194F5459D0} = {EED6DD43-D2F3-4B6F-8543-5FBBEA57B4BD}
		{A4AF034C-CD95-4F4F-973B-D995EA418AE3} = {EED6DD43-D2F3-4B6F-8543-5FBBEA57B4BD}
		{0F39C280-AFA1-498F-816C-F0A4805517B9} = {EED6DD43-D2F3-4B6F-8543-5FBBEA57B4BD}
		{8D4FC428-E9E4-4A65-A9FE-68F93CCA2207} = {EED6DD43-D2F3-4B6F-8543-5FBBEA57B4BD}
		{D61E1433-BB4B-4475-A2DA-CC3AC689556D} = {78F5903A-1DE4-433A-BB06-891C18492C46}
		{B2E0DE13-7AAA-4BFE-A57A-804E1D4F27EB} = {78F5903A-1DE4-433A-BB06-891C18492C46}
		{C5E6F3F1-8AC0-4EA6-937F-DFF1FC5954FD} = {C2B108FF-C063-4A2F-8F38-038203EBFF0D}
	EndGlobalSection
EndGlobal
